// !$*UTF8*$!
{
	archiveVersion = 1;
	classes = {
	};
	objectVersion = 55;
	objects = {

/* Begin PBXBuildFile section */
		1A5F21BC11BE21BBB17DE805 /* Pods_221112.framework in Frameworks */ = {isa = PBXBuildFile; fileRef = 2651F75705D242EB3C55699B /* Pods_221112.framework */; };
		864A6FA2291FE38E00B725BE /* 125704-blue-loading.json in Resources */ = {isa = PBXBuildFile; fileRef = 864A6FA1291FE38E00B725BE /* 125704-blue-loading.json */; };
		86BAF127291FDEBD00CA8AF9 /* AppDelegate.swift in Sources */ = {isa = PBXBuildFile; fileRef = 86BAF126291FDEBD00CA8AF9 /* AppDelegate.swift */; };
		86BAF129291FDEBD00CA8AF9 /* SceneDelegate.swift in Sources */ = {isa = PBXBuildFile; fileRef = 86BAF128291FDEBD00CA8AF9 /* SceneDelegate.swift */; };
		86BAF12B291FDEBE00CA8AF9 /* MainViewController.swift in Sources */ = {isa = PBXBuildFile; fileRef = 86BAF12A291FDEBE00CA8AF9 /* MainViewController.swift */; };
		86BAF12E291FDEBE00CA8AF9 /* Main.storyboard in Resources */ = {isa = PBXBuildFile; fileRef = 86BAF12C291FDEBE00CA8AF9 /* Main.storyboard */; };
		86BAF130291FDEC000CA8AF9 /* Assets.xcassets in Resources */ = {isa = PBXBuildFile; fileRef = 86BAF12F291FDEC000CA8AF9 /* Assets.xcassets */; };
		86BAF133291FDEC000CA8AF9 /* LaunchScreen.storyboard in Resources */ = {isa = PBXBuildFile; fileRef = 86BAF131291FDEC000CA8AF9 /* LaunchScreen.storyboard */; };
/* End PBXBuildFile section */

/* Begin PBXFileReference section */
		2651F75705D242EB3C55699B /* Pods_221112.framework */ = {isa = PBXFileReference; explicitFileType = wrapper.framework; includeInIndex = 0; path = Pods_221112.framework; sourceTree = BUILT_PRODUCTS_DIR; };
		7D6B5E069E86F34B33A1AE38 /* Pods-221112.release.xcconfig */ = {isa = PBXFileReference; includeInIndex = 1; lastKnownFileType = text.xcconfig; name = "Pods-221112.release.xcconfig"; path = "Target Support Files/Pods-221112/Pods-221112.release.xcconfig"; sourceTree = "<group>"; };
		864A6FA1291FE38E00B725BE /* 125704-blue-loading.json */ = {isa = PBXFileReference; fileEncoding = 4; lastKnownFileType = text.json; path = "125704-blue-loading.json"; sourceTree = "<group>"; };
		86BAF123291FDEBD00CA8AF9 /* 221112.app */ = {isa = PBXFileReference; explicitFileType = wrapper.application; includeInIndex = 0; path = 221112.app; sourceTree = BUILT_PRODUCTS_DIR; };
		86BAF126291FDEBD00CA8AF9 /* AppDelegate.swift */ = {isa = PBXFileReference; lastKnownFileType = sourcecode.swift; path = AppDelegate.swift; sourceTree = "<group>"; };
		86BAF128291FDEBD00CA8AF9 /* SceneDelegate.swift */ = {isa = PBXFileReference; lastKnownFileType = sourcecode.swift; path = SceneDelegate.swift; sourceTree = "<group>"; };
		86BAF12A291FDEBE00CA8AF9 /* MainViewController.swift */ = {isa = PBXFileReference; lastKnownFileType = sourcecode.swift; path = MainViewController.swift; sourceTree = "<group>"; };
		86BAF12D291FDEBE00CA8AF9 /* Base */ = {isa = PBXFileReference; lastKnownFileType = file.storyboard; name = Base; path = Base.lproj/Main.storyboard; sourceTree = "<group>"; };
		86BAF12F291FDEC000CA8AF9 /* Assets.xcassets */ = {isa = PBXFileReference; lastKnownFileType = folder.assetcatalog; path = Assets.xcassets; sourceTree = "<group>"; };
		86BAF132291FDEC000CA8AF9 /* Base */ = {isa = PBXFileReference; lastKnownFileType = file.storyboard; name = Base; path = Base.lproj/LaunchScreen.storyboard; sourceTree = "<group>"; };
		86BAF134291FDEC000CA8AF9 /* Info.plist */ = {isa = PBXFileReference; lastKnownFileType = text.plist.xml; path = Info.plist; sourceTree = "<group>"; };
		90376E5E56C33AE3ACBABF51 /* Pods-221112.debug.xcconfig */ = {isa = PBXFileReference; includeInIndex = 1; lastKnownFileType = text.xcconfig; name = "Pods-221112.debug.xcconfig"; path = "Target Support Files/Pods-221112/Pods-221112.debug.xcconfig"; sourceTree = "<group>"; };
/* End PBXFileReference section */

/* Begin PBXFrameworksBuildPhase section */
		86BAF120291FDEBD00CA8AF9 /* Frameworks */ = {
			isa = PBXFrameworksBuildPhase;
			buildActionMask = 2147483647;
			files = (
				1A5F21BC11BE21BBB17DE805 /* Pods_221112.framework in Frameworks */,
			);
			runOnlyForDeploymentPostprocessing = 0;
		};
/* End PBXFrameworksBuildPhase section */

/* Begin PBXGroup section */
		27F8720B617D2724C90F1727 /* Pods */ = {
			isa = PBXGroup;
			children = (
				90376E5E56C33AE3ACBABF51 /* Pods-221112.debug.xcconfig */,
				7D6B5E069E86F34B33A1AE38 /* Pods-221112.release.xcconfig */,
			);
			path = Pods;
			sourceTree = "<group>";
		};
		86BAF11A291FDEBD00CA8AF9 = {
			isa = PBXGroup;
			children = (
				86BAF125291FDEBD00CA8AF9 /* 221112 */,
				86BAF124291FDEBD00CA8AF9 /* Products */,
				27F8720B617D2724C90F1727 /* Pods */,
				E2C59F9E75F94DAA445B6B28 /* Frameworks */,
			);
			sourceTree = "<group>";
		};
		86BAF124291FDEBD00CA8AF9 /* Products */ = {
			isa = PBXGroup;
			children = (
				86BAF123291FDEBD00CA8AF9 /* 221112.app */,
			);
			name = Products;
			sourceTree = "<group>";
		};
		86BAF125291FDEBD00CA8AF9 /* 221112 */ = {
			isa = PBXGroup;
			children = (
				864A6FA1291FE38E00B725BE /* 125704-blue-loading.json */,
				86BAF13A291FDEC700CA8AF9 /* ViewControllers */,
				86BAF126291FDEBD00CA8AF9 /* AppDelegate.swift */,
				86BAF128291FDEBD00CA8AF9 /* SceneDelegate.swift */,
				86BAF12C291FDEBE00CA8AF9 /* Main.storyboard */,
				86BAF12F291FDEC000CA8AF9 /* Assets.xcassets */,
				86BAF131291FDEC000CA8AF9 /* LaunchScreen.storyboard */,
				86BAF134291FDEC000CA8AF9 /* Info.plist */,
			);
			path = 221112;
			sourceTree = "<group>";
		};
		86BAF13A291FDEC700CA8AF9 /* ViewControllers */ = {
			isa = PBXGroup;
			children = (
				86BAF12A291FDEBE00CA8AF9 /* MainViewController.swift */,
			);
			path = ViewControllers;
			sourceTree = "<group>";
		};
		E2C59F9E75F94DAA445B6B28 /* Frameworks */ = {
			isa = PBXGroup;
			children = (
				2651F75705D242EB3C55699B /* Pods_221112.framework */,
			);
			name = Frameworks;
			sourceTree = "<group>";
		};
/* End PBXGroup section */

/* Begin PBXNativeTarget section */
		86BAF122291FDEBD00CA8AF9 /* 221112 */ = {
			isa = PBXNativeTarget;
			buildConfigurationList = 86BAF137291FDEC000CA8AF9 /* Build configuration list for PBXNativeTarget "221112" */;
			buildPhases = (
				8333C55D557338C6ECB5BF86 /* [CP] Check Pods Manifest.lock */,
				86BAF11F291FDEBD00CA8AF9 /* Sources */,
				86BAF120291FDEBD00CA8AF9 /* Frameworks */,
				86BAF121291FDEBD00CA8AF9 /* Resources */,
				D0ED11627F050D67FBAB145E /* [CP] Embed Pods Frameworks */,
			);
			buildRules = (
			);
			dependencies = (
			);
			name = 221112;
			productName = 221112;
			productReference = 86BAF123291FDEBD00CA8AF9 /* 221112.app */;
			productType = "com.apple.product-type.application";
		};
/* End PBXNativeTarget section */

/* Begin PBXProject section */
		86BAF11B291FDEBD00CA8AF9 /* Project object */ = {
			isa = PBXProject;
			attributes = {
				BuildIndependentTargetsInParallel = 1;
				LastSwiftUpdateCheck = 1340;
				LastUpgradeCheck = 1340;
				TargetAttributes = {
					86BAF122291FDEBD00CA8AF9 = {
						CreatedOnToolsVersion = 13.4;
					};
				};
			};
			buildConfigurationList = 86BAF11E291FDEBD00CA8AF9 /* Build configuration list for PBXProject "221112" */;
			compatibilityVersion = "Xcode 13.0";
			developmentRegion = en;
			hasScannedForEncodings = 0;
			knownRegions = (
				en,
				Base,
			);
			mainGroup = 86BAF11A291FDEBD00CA8AF9;
			productRefGroup = 86BAF124291FDEBD00CA8AF9 /* Products */;
			projectDirPath = "";
			projectRoot = "";
			targets = (
				86BAF122291FDEBD00CA8AF9 /* 221112 */,
			);
		};
/* End PBXProject section */

/* Begin PBXResourcesBuildPhase section */
		86BAF121291FDEBD00CA8AF9 /* Resources */ = {
			isa = PBXResourcesBuildPhase;
			buildActionMask = 2147483647;
			files = (
				86BAF133291FDEC000CA8AF9 /* LaunchScreen.storyboard in Resources */,
				86BAF130291FDEC000CA8AF9 /* Assets.xcassets in Resources */,
				86BAF12E291FDEBE00CA8AF9 /* Main.storyboard in Resources */,
				864A6FA2291FE38E00B725BE /* 125704-blue-loading.json in Resources */,
			);
			runOnlyForDeploymentPostprocessing = 0;
		};
/* End PBXResourcesBuildPhase section */

/* Begin PBXShellScriptBuildPhase section */
		8333C55D557338C6ECB5BF86 /* [CP] Check Pods Manifest.lock */ = {
			isa = PBXShellScriptBuildPhase;
			buildActionMask = 2147483647;
			files = (
			);
			inputFileListPaths = (
			);
			inputPaths = (
				"${PODS_PODFILE_DIR_PATH}/Podfile.lock",
				"${PODS_ROOT}/Manifest.lock",
			);
			name = "[CP] Check Pods Manifest.lock";
			outputFileListPaths = (
			);
			outputPaths = (
				"$(DERIVED_FILE_DIR)/Pods-221112-checkManifestLockResult.txt",
			);
			runOnlyForDeploymentPostprocessing = 0;
			shellPath = /bin/sh;
			shellScript = "diff \"${PODS_PODFILE_DIR_PATH}/Podfile.lock\" \"${PODS_ROOT}/Manifest.lock\" > /dev/null\nif [ $? != 0 ] ; then\n    # print error to STDERR\n    echo \"error: The sandbox is not in sync with the Podfile.lock. Run 'pod install' or update your CocoaPods installation.\" >&2\n    exit 1\nfi\n# This output is used by Xcode 'outputs' to avoid re-running this script phase.\necho \"SUCCESS\" > \"${SCRIPT_OUTPUT_FILE_0}\"\n";
			showEnvVarsInLog = 0;
		};
		D0ED11627F050D67FBAB145E /* [CP] Embed Pods Frameworks */ = {
			isa = PBXShellScriptBuildPhase;
			buildActionMask = 2147483647;
			files = (
			);
			inputFileListPaths = (
				"${PODS_ROOT}/Target Support Files/Pods-221112/Pods-221112-frameworks-${CONFIGURATION}-input-files.xcfilelist",
			);
			name = "[CP] Embed Pods Frameworks";
			outputFileListPaths = (
				"${PODS_ROOT}/Target Support Files/Pods-221112/Pods-221112-frameworks-${CONFIGURATION}-output-files.xcfilelist",
			);
			runOnlyForDeploymentPostprocessing = 0;
			shellPath = /bin/sh;
			shellScript = "\"${PODS_ROOT}/Target Support Files/Pods-221112/Pods-221112-frameworks.sh\"\n";
			showEnvVarsInLog = 0;
		};
/* End PBXShellScriptBuildPhase section */

/* Begin PBXSourcesBuildPhase section */
		86BAF11F291FDEBD00CA8AF9 /* Sources */ = {
			isa = PBXSourcesBuildPhase;
			buildActionMask = 2147483647;
			files = (
				86BAF12B291FDEBE00CA8AF9 /* MainViewController.swift in Sources */,
				86BAF127291FDEBD00CA8AF9 /* AppDelegate.swift in Sources */,
				86BAF129291FDEBD00CA8AF9 /* SceneDelegate.swift in Sources */,
			);
			runOnlyForDeploymentPostprocessing = 0;
		};
/* End PBXSourcesBuildPhase section */

/* Begin PBXVariantGroup section */
		86BAF12C291FDEBE00CA8AF9 /* Main.storyboard */ = {
			isa = PBXVariantGroup;
			children = (
				86BAF12D291FDEBE00CA8AF9 /* Base */,
			);
			name = Main.storyboard;
			sourceTree = "<group>";
		};
		86BAF131291FDEC000CA8AF9 /* LaunchScreen.storyboard */ = {
			isa = PBXVariantGroup;
			children = (
				86BAF132291FDEC000CA8AF9 /* Base */,
			);
			name = LaunchScreen.storyboard;
			sourceTree = "<group>";
		};
/* End PBXVariantGroup section */

/* Begin XCBuildConfiguration section */
		86BAF135291FDEC000CA8AF9 /* Debug */ = {
			isa = XCBuildConfiguration;
			buildSettings = {
				ALWAYS_SEARCH_USER_PATHS = NO;
				CLANG_ANALYZER_NONNULL = YES;
				CLANG_ANALYZER_NUMBER_OBJECT_CONVERSION = YES_AGGRESSIVE;
				CLANG_CXX_LANGUAGE_STANDARD = "gnu++17";
				CLANG_ENABLE_MODULES = YES;
				CLANG_ENABLE_OBJC_ARC = YES;
				CLANG_ENABLE_OBJC_WEAK = YES;
				CLANG_WARN_BLOCK_CAPTURE_AUTORELEASING = YES;
				CLANG_WARN_BOOL_CONVERSION = YES;
				CLANG_WARN_COMMA = YES;
				CLANG_WARN_CONSTANT_CONVERSION = YES;
				CLANG_WARN_DEPRECATED_OBJC_IMPLEMENTATIONS = YES;
				CLANG_WARN_DIRECT_OBJC_ISA_USAGE = YES_ERROR;
				CLANG_WARN_DOCUMENTATION_COMMENTS = YES;
				CLANG_WARN_EMPTY_BODY = YES;
				CLANG_WARN_ENUM_CONVERSION = YES;
				CLANG_WARN_INFINITE_RECURSION = YES;
				CLANG_WARN_INT_CONVERSION = YES;
				CLANG_WARN_NON_LITERAL_NULL_CONVERSION = YES;
				CLANG_WARN_OBJC_IMPLICIT_RETAIN_SELF = YES;
				CLANG_WARN_OBJC_LITERAL_CONVERSION = YES;
				CLANG_WARN_OBJC_ROOT_CLASS = YES_ERROR;
				CLANG_WARN_QUOTED_INCLUDE_IN_FRAMEWORK_HEADER = YES;
				CLANG_WARN_RANGE_LOOP_ANALYSIS = YES;
				CLANG_WARN_STRICT_PROTOTYPES = YES;
				CLANG_WARN_SUSPICIOUS_MOVE = YES;
				CLANG_WARN_UNGUARDED_AVAILABILITY = YES_AGGRESSIVE;
				CLANG_WARN_UNREACHABLE_CODE = YES;
				CLANG_WARN__DUPLICATE_METHOD_MATCH = YES;
				COPY_PHASE_STRIP = NO;
				DEBUG_INFORMATION_FORMAT = dwarf;
				ENABLE_STRICT_OBJC_MSGSEND = YES;
				ENABLE_TESTABILITY = YES;
				GCC_C_LANGUAGE_STANDARD = gnu11;
				GCC_DYNAMIC_NO_PIC = NO;
				GCC_NO_COMMON_BLOCKS = YES;
				GCC_OPTIMIZATION_LEVEL = 0;
				GCC_PREPROCESSOR_DEFINITIONS = (
					"DEBUG=1",
					"$(inherited)",
				);
				GCC_WARN_64_TO_32_BIT_CONVERSION = YES;
				GCC_WARN_ABOUT_RETURN_TYPE = YES_ERROR;
				GCC_WARN_UNDECLARED_SELECTOR = YES;
				GCC_WARN_UNINITIALIZED_AUTOS = YES_AGGRESSIVE;
				GCC_WARN_UNUSED_FUNCTION = YES;
				GCC_WARN_UNUSED_VARIABLE = YES;
				IPHONEOS_DEPLOYMENT_TARGET = 15.5;
				MTL_ENABLE_DEBUG_INFO = INCLUDE_SOURCE;
				MTL_FAST_MATH = YES;
				ONLY_ACTIVE_ARCH = YES;
				SDKROOT = iphoneos;
				SWIFT_ACTIVE_COMPILATION_CONDITIONS = DEBUG;
				SWIFT_OPTIMIZATION_LEVEL = "-Onone";
			};
			name = Debug;
		};
		86BAF136291FDEC000CA8AF9 /* Release */ = {
			isa = XCBuildConfiguration;
			buildSettings = {
				ALWAYS_SEARCH_USER_PATHS = NO;
				CLANG_ANALYZER_NONNULL = YES;
				CLANG_ANALYZER_NUMBER_OBJECT_CONVERSION = YES_AGGRESSIVE;
				CLANG_CXX_LANGUAGE_STANDARD = "gnu++17";
				CLANG_ENABLE_MODULES = YES;
				CLANG_ENABLE_OBJC_ARC = YES;
				CLANG_ENABLE_OBJC_WEAK = YES;
				CLANG_WARN_BLOCK_CAPTURE_AUTORELEASING = YES;
				CLANG_WARN_BOOL_CONVERSION = YES;
				CLANG_WARN_COMMA = YES;
				CLANG_WARN_CONSTANT_CONVERSION = YES;
				CLANG_WARN_DEPRECATED_OBJC_IMPLEMENTATIONS = YES;
				CLANG_WARN_DIRECT_OBJC_ISA_USAGE = YES_ERROR;
				CLANG_WARN_DOCUMENTATION_COMMENTS = YES;
				CLANG_WARN_EMPTY_BODY = YES;
				CLANG_WARN_ENUM_CONVERSION = YES;
				CLANG_WARN_INFINITE_RECURSION = YES;
				CLANG_WARN_INT_CONVERSION = YES;
				CLANG_WARN_NON_LITERAL_NULL_CONVERSION = YES;
				CLANG_WARN_OBJC_IMPLICIT_RETAIN_SELF = YES;
				CLANG_WARN_OBJC_LITERAL_CONVERSION = YES;
				CLANG_WARN_OBJC_ROOT_CLASS = YES_ERROR;
				CLANG_WARN_QUOTED_INCLUDE_IN_FRAMEWORK_HEADER = YES;
				CLANG_WARN_RANGE_LOOP_ANALYSIS = YES;
				CLANG_WARN_STRICT_PROTOTYPES = YES;
				CLANG_WARN_SUSPICIOUS_MOVE = YES;
				CLANG_WARN_UNGUARDED_AVAILABILITY = YES_AGGRESSIVE;
				CLANG_WARN_UNREACHABLE_CODE = YES;
				CLANG_WARN__DUPLICATE_METHOD_MATCH = YES;
				COPY_PHASE_STRIP = NO;
				DEBUG_INFORMATION_FORMAT = "dwarf-with-dsym";
				ENABLE_NS_ASSERTIONS = NO;
				ENABLE_STRICT_OBJC_MSGSEND = YES;
				GCC_C_LANGUAGE_STANDARD = gnu11;
				GCC_NO_COMMON_BLOCKS = YES;
				GCC_WARN_64_TO_32_BIT_CONVERSION = YES;
				GCC_WARN_ABOUT_RETURN_TYPE = YES_ERROR;
				GCC_WARN_UNDECLARED_SELECTOR = YES;
				GCC_WARN_UNINITIALIZED_AUTOS = YES_AGGRESSIVE;
				GCC_WARN_UNUSED_FUNCTION = YES;
				GCC_WARN_UNUSED_VARIABLE = YES;
				IPHONEOS_DEPLOYMENT_TARGET = 15.5;
				MTL_ENABLE_DEBUG_INFO = NO;
				MTL_FAST_MATH = YES;
				SDKROOT = iphoneos;
				SWIFT_COMPILATION_MODE = wholemodule;
				SWIFT_OPTIMIZATION_LEVEL = "-O";
				VALIDATE_PRODUCT = YES;
			};
			name = Release;
		};
		86BAF138291FDEC000CA8AF9 /* Debug */ = {
			isa = XCBuildConfiguration;
			baseConfigurationReference = 90376E5E56C33AE3ACBABF51 /* Pods-221112.debug.xcconfig */;
			buildSettings = {
				ASSETCATALOG_COMPILER_APPICON_NAME = AppIcon;
				ASSETCATALOG_COMPILER_GLOBAL_ACCENT_COLOR_NAME = AccentColor;
				CODE_SIGN_STYLE = Automatic;
				CURRENT_PROJECT_VERSION = 1;
				GENERATE_INFOPLIST_FILE = YES;
				INFOPLIST_FILE = 221112/Info.plist;
				INFOPLIST_KEY_UIApplicationSupportsIndirectInputEvents = YES;
				INFOPLIST_KEY_UILaunchStoryboardName = LaunchScreen;
				INFOPLIST_KEY_UIMainStoryboardFile = Main;
				INFOPLIST_KEY_UISupportedInterfaceOrientations_iPad = "UIInterfaceOrientationPortrait UIInterfaceOrientationPortraitUpsideDown UIInterfaceOrientationLandscapeLeft UIInterfaceOrientationLandscapeRight";
				INFOPLIST_KEY_UISupportedInterfaceOrientations_iPhone = "UIInterfaceOrientationPortrait UIInterfaceOrientationLandscapeLeft UIInterfaceOrientationLandscapeRight";
				LD_RUNPATH_SEARCH_PATHS = (
					"$(inherited)",
					"@executable_path/Frameworks",
				);
				MARKETING_VERSION = 1.0;
				PRODUCT_BUNDLE_IDENTIFIER = "com.JaeDev.-21112";
				PRODUCT_NAME = "$(TARGET_NAME)";
				SWIFT_EMIT_LOC_STRINGS = YES;
				SWIFT_VERSION = 5.0;
				TARGETED_DEVICE_FAMILY = "1,2";
			};
			name = Debug;
		};
		86BAF139291FDEC000CA8AF9 /* Release */ = {
			isa = XCBuildConfiguration;
			baseConfigurationReference = 7D6B5E069E86F34B33A1AE38 /* Pods-221112.release.xcconfig */;
			buildSettings = {
				ASSETCATALOG_COMPILER_APPICON_NAME = AppIcon;
				ASSETCATALOG_COMPILER_GLOBAL_ACCENT_COLOR_NAME = AccentColor;
				CODE_SIGN_STYLE = Automatic;
				CURRENT_PROJECT_VERSION = 1;
				GENERATE_INFOPLIST_FILE = YES;
				INFOPLIST_FILE = 221112/Info.plist;
				INFOPLIST_KEY_UIApplicationSupportsIndirectInputEvents = YES;
				INFOPLIST_KEY_UILaunchStoryboardName = LaunchScreen;
				INFOPLIST_KEY_UIMainStoryboardFile = Main;
				INFOPLIST_KEY_UISupportedInterfaceOrientations_iPad = "UIInterfaceOrientationPortrait UIInterfaceOrientationPortraitUpsideDown UIInterfaceOrientationLandscapeLeft UIInterfaceOrientationLandscapeRight";
				INFOPLIST_KEY_UISupportedInterfaceOrientations_iPhone = "UIInterfaceOrientationPortrait UIInterfaceOrientationLandscapeLeft UIInterfaceOrientationLandscapeRight";
				LD_RUNPATH_SEARCH_PATHS = (
					"$(inherited)",
					"@executable_path/Frameworks",
				);
				MARKETING_VERSION = 1.0;
				PRODUCT_BUNDLE_IDENTIFIER = "com.JaeDev.-21112";
				PRODUCT_NAME = "$(TARGET_NAME)";
				SWIFT_EMIT_LOC_STRINGS = YES;
				SWIFT_VERSION = 5.0;
				TARGETED_DEVICE_FAMILY = "1,2";
			};
			name = Release;
		};
/* End XCBuildConfiguration section */

/* Begin XCConfigurationList section */
		86BAF11E291FDEBD00CA8AF9 /* Build configuration list for PBXProject "221112" */ = {
			isa = XCConfigurationList;
			buildConfigurations = (
				86BAF135291FDEC000CA8AF9 /* Debug */,
				86BAF136291FDEC000CA8AF9 /* Release */,
			);
			defaultConfigurationIsVisible = 0;
			defaultConfigurationName = Release;
		};
		86BAF137291FDEC000CA8AF9 /* Build configuration list for PBXNativeTarget "221112" */ = {
			isa = XCConfigurationList;
			buildConfigurations = (
				86BAF138291FDEC000CA8AF9 /* Debug */,
				86BAF139291FDEC000CA8AF9 /* Release */,
			);
			defaultConfigurationIsVisible = 0;
			defaultConfigurationName = Release;
		};
/* End XCConfigurationList section */
	};
	rootObject = 86BAF11B291FDEBD00CA8AF9 /* Project object */;
}
