// !$*UTF8*$!
{
	archiveVersion = 1;
	classes = {
	};
	objectVersion = 55;
	objects = {

/* Begin PBXBuildFile section */
		8602666A28C46D8300F85D73 /* AppDelegate.swift in Sources */ = {isa = PBXBuildFile; fileRef = 8602666928C46D8300F85D73 /* AppDelegate.swift */; };
		8602666C28C46D8300F85D73 /* SceneDelegate.swift in Sources */ = {isa = PBXBuildFile; fileRef = 8602666B28C46D8300F85D73 /* SceneDelegate.swift */; };
		8602666E28C46D8300F85D73 /* LoginViewController.swift in Sources */ = {isa = PBXBuildFile; fileRef = 8602666D28C46D8300F85D73 /* LoginViewController.swift */; };
		8602667128C46D8300F85D73 /* Main.storyboard in Resources */ = {isa = PBXBuildFile; fileRef = 8602666F28C46D8300F85D73 /* Main.storyboard */; };
		8602667328C46D8500F85D73 /* Assets.xcassets in Resources */ = {isa = PBXBuildFile; fileRef = 8602667228C46D8500F85D73 /* Assets.xcassets */; };
		8602667628C46D8500F85D73 /* LaunchScreen.storyboard in Resources */ = {isa = PBXBuildFile; fileRef = 8602667428C46D8500F85D73 /* LaunchScreen.storyboard */; };
		8649A98C28F2ED7F00FB6403 /* AnchorViewController.swift in Sources */ = {isa = PBXBuildFile; fileRef = 8649A98B28F2ED7F00FB6403 /* AnchorViewController.swift */; };
		8649A98E28F3A88800FB6403 /* ConstraintViewController.swift in Sources */ = {isa = PBXBuildFile; fileRef = 8649A98D28F3A88800FB6403 /* ConstraintViewController.swift */; };
		8649A99028F410EA00FB6403 /* StackViewController.swift in Sources */ = {isa = PBXBuildFile; fileRef = 8649A98F28F410EA00FB6403 /* StackViewController.swift */; };
		86B3A5482920DF2D00F7D1EF /* RegisterViewController.swift in Sources */ = {isa = PBXBuildFile; fileRef = 86B3A5472920DF2D00F7D1EF /* RegisterViewController.swift */; };
/* End PBXBuildFile section */

/* Begin PBXFileReference section */
		8602666628C46D8300F85D73 /* practiceUIKit.app */ = {isa = PBXFileReference; explicitFileType = wrapper.application; includeInIndex = 0; path = practiceUIKit.app; sourceTree = BUILT_PRODUCTS_DIR; };
		8602666928C46D8300F85D73 /* AppDelegate.swift */ = {isa = PBXFileReference; lastKnownFileType = sourcecode.swift; path = AppDelegate.swift; sourceTree = "<group>"; };
		8602666B28C46D8300F85D73 /* SceneDelegate.swift */ = {isa = PBXFileReference; lastKnownFileType = sourcecode.swift; path = SceneDelegate.swift; sourceTree = "<group>"; };
		8602666D28C46D8300F85D73 /* LoginViewController.swift */ = {isa = PBXFileReference; lastKnownFileType = sourcecode.swift; path = LoginViewController.swift; sourceTree = "<group>"; };
		8602667028C46D8300F85D73 /* Base */ = {isa = PBXFileReference; lastKnownFileType = file.storyboard; name = Base; path = Base.lproj/Main.storyboard; sourceTree = "<group>"; };
		8602667228C46D8500F85D73 /* Assets.xcassets */ = {isa = PBXFileReference; lastKnownFileType = folder.assetcatalog; path = Assets.xcassets; sourceTree = "<group>"; };
		8602667528C46D8500F85D73 /* Base */ = {isa = PBXFileReference; lastKnownFileType = file.storyboard; name = Base; path = Base.lproj/LaunchScreen.storyboard; sourceTree = "<group>"; };
		8602667728C46D8500F85D73 /* Info.plist */ = {isa = PBXFileReference; lastKnownFileType = text.plist.xml; path = Info.plist; sourceTree = "<group>"; };
		8649A98B28F2ED7F00FB6403 /* AnchorViewController.swift */ = {isa = PBXFileReference; lastKnownFileType = sourcecode.swift; path = AnchorViewController.swift; sourceTree = "<group>"; };
		8649A98D28F3A88800FB6403 /* ConstraintViewController.swift */ = {isa = PBXFileReference; lastKnownFileType = sourcecode.swift; path = ConstraintViewController.swift; sourceTree = "<group>"; };
		8649A98F28F410EA00FB6403 /* StackViewController.swift */ = {isa = PBXFileReference; lastKnownFileType = sourcecode.swift; path = StackViewController.swift; sourceTree = "<group>"; };
		86B3A5472920DF2D00F7D1EF /* RegisterViewController.swift */ = {isa = PBXFileReference; lastKnownFileType = sourcecode.swift; path = RegisterViewController.swift; sourceTree = "<group>"; };
/* End PBXFileReference section */

/* Begin PBXFrameworksBuildPhase section */
		8602666328C46D8300F85D73 /* Frameworks */ = {
			isa = PBXFrameworksBuildPhase;
			buildActionMask = 2147483647;
			files = (
			);
			runOnlyForDeploymentPostprocessing = 0;
		};
/* End PBXFrameworksBuildPhase section */

/* Begin PBXGroup section */
		8602665D28C46D8300F85D73 = {
			isa = PBXGroup;
			children = (
				8602666828C46D8300F85D73 /* practiceUIKit */,
				8602666728C46D8300F85D73 /* Products */,
			);
			sourceTree = "<group>";
		};
		8602666728C46D8300F85D73 /* Products */ = {
			isa = PBXGroup;
			children = (
				8602666628C46D8300F85D73 /* practiceUIKit.app */,
			);
			name = Products;
			sourceTree = "<group>";
		};
		8602666828C46D8300F85D73 /* practiceUIKit */ = {
			isa = PBXGroup;
			children = (
				86B3A5462920DF1500F7D1EF /* Controllers */,
				8602666928C46D8300F85D73 /* AppDelegate.swift */,
				8602666B28C46D8300F85D73 /* SceneDelegate.swift */,
				8602666F28C46D8300F85D73 /* Main.storyboard */,
				8649A98B28F2ED7F00FB6403 /* AnchorViewController.swift */,
				8649A98F28F410EA00FB6403 /* StackViewController.swift */,
				8649A98D28F3A88800FB6403 /* ConstraintViewController.swift */,
				8602667228C46D8500F85D73 /* Assets.xcassets */,
				8602667428C46D8500F85D73 /* LaunchScreen.storyboard */,
				8602667728C46D8500F85D73 /* Info.plist */,
			);
			path = practiceUIKit;
			sourceTree = "<group>";
		};
		86B3A5462920DF1500F7D1EF /* Controllers */ = {
			isa = PBXGroup;
			children = (
				8602666D28C46D8300F85D73 /* LoginViewController.swift */,
				86B3A5472920DF2D00F7D1EF /* RegisterViewController.swift */,
			);
			path = Controllers;
			sourceTree = "<group>";
		};
/* End PBXGroup section */

/* Begin PBXNativeTarget section */
		8602666528C46D8300F85D73 /* practiceUIKit */ = {
			isa = PBXNativeTarget;
			buildConfigurationList = 8602667A28C46D8500F85D73 /* Build configuration list for PBXNativeTarget "practiceUIKit" */;
			buildPhases = (
				8602666228C46D8300F85D73 /* Sources */,
				8602666328C46D8300F85D73 /* Frameworks */,
				8602666428C46D8300F85D73 /* Resources */,
			);
			buildRules = (
			);
			dependencies = (
			);
			name = practiceUIKit;
			productName = practiceUIKit;
			productReference = 8602666628C46D8300F85D73 /* practiceUIKit.app */;
			productType = "com.apple.product-type.application";
		};
/* End PBXNativeTarget section */

/* Begin PBXProject section */
		8602665E28C46D8300F85D73 /* Project object */ = {
			isa = PBXProject;
			attributes = {
				BuildIndependentTargetsInParallel = 1;
				LastSwiftUpdateCheck = 1340;
				LastUpgradeCheck = 1340;
				TargetAttributes = {
					8602666528C46D8300F85D73 = {
						CreatedOnToolsVersion = 13.4.1;
					};
				};
			};
			buildConfigurationList = 8602666128C46D8300F85D73 /* Build configuration list for PBXProject "practiceUIKit" */;
			compatibilityVersion = "Xcode 13.0";
			developmentRegion = en;
			hasScannedForEncodings = 0;
			knownRegions = (
				en,
				Base,
			);
			mainGroup = 8602665D28C46D8300F85D73;
			productRefGroup = 8602666728C46D8300F85D73 /* Products */;
			projectDirPath = "";
			projectRoot = "";
			targets = (
				8602666528C46D8300F85D73 /* practiceUIKit */,
			);
		};
/* End PBXProject section */

/* Begin PBXResourcesBuildPhase section */
		8602666428C46D8300F85D73 /* Resources */ = {
			isa = PBXResourcesBuildPhase;
			buildActionMask = 2147483647;
			files = (
				8602667628C46D8500F85D73 /* LaunchScreen.storyboard in Resources */,
				8602667328C46D8500F85D73 /* Assets.xcassets in Resources */,
				8602667128C46D8300F85D73 /* Main.storyboard in Resources */,
			);
			runOnlyForDeploymentPostprocessing = 0;
		};
/* End PBXResourcesBuildPhase section */

/* Begin PBXSourcesBuildPhase section */
		8602666228C46D8300F85D73 /* Sources */ = {
			isa = PBXSourcesBuildPhase;
			buildActionMask = 2147483647;
			files = (
				8602666E28C46D8300F85D73 /* LoginViewController.swift in Sources */,
				8602666A28C46D8300F85D73 /* AppDelegate.swift in Sources */,
				86B3A5482920DF2D00F7D1EF /* RegisterViewController.swift in Sources */,
				8602666C28C46D8300F85D73 /* SceneDelegate.swift in Sources */,
				8649A99028F410EA00FB6403 /* StackViewController.swift in Sources */,
				8649A98E28F3A88800FB6403 /* ConstraintViewController.swift in Sources */,
				8649A98C28F2ED7F00FB6403 /* AnchorViewController.swift in Sources */,
			);
			runOnlyForDeploymentPostprocessing = 0;
		};
/* End PBXSourcesBuildPhase section */

/* Begin PBXVariantGroup section */
		8602666F28C46D8300F85D73 /* Main.storyboard */ = {
			isa = PBXVariantGroup;
			children = (
				8602667028C46D8300F85D73 /* Base */,
			);
			name = Main.storyboard;
			sourceTree = "<group>";
		};
		8602667428C46D8500F85D73 /* LaunchScreen.storyboard */ = {
			isa = PBXVariantGroup;
			children = (
				8602667528C46D8500F85D73 /* Base */,
			);
			name = LaunchScreen.storyboard;
			sourceTree = "<group>";
		};
/* End PBXVariantGroup section */

/* Begin XCBuildConfiguration section */
		8602667828C46D8500F85D73 /* Debug */ = {
			isa = XCBuildConfiguration;
			buildSettings = {
				ALWAYS_SEARCH_USER_PATHS = NO;
				CLANG_ANALYZER_NONNULL = YES;
				CLANG_ANALYZER_NUMBER_OBJECT_CONVERSION = YES_AGGRESSIVE;
				CLANG_CXX_LANGUAGE_STANDARD = "gnu++17";
				CLANG_ENABLE_MODULES = YES;
				CLANG_ENABLE_OBJC_ARC = YES;
				CLANG_ENABLE_OBJC_WEAK = YES;
				CLANG_WARN_BLOCK_CAPTURE_AUTORELEASING = YES;
				CLANG_WARN_BOOL_CONVERSION = YES;
				CLANG_WARN_COMMA = YES;
				CLANG_WARN_CONSTANT_CONVERSION = YES;
				CLANG_WARN_DEPRECATED_OBJC_IMPLEMENTATIONS = YES;
				CLANG_WARN_DIRECT_OBJC_ISA_USAGE = YES_ERROR;
				CLANG_WARN_DOCUMENTATION_COMMENTS = YES;
				CLANG_WARN_EMPTY_BODY = YES;
				CLANG_WARN_ENUM_CONVERSION = YES;
				CLANG_WARN_INFINITE_RECURSION = YES;
				CLANG_WARN_INT_CONVERSION = YES;
				CLANG_WARN_NON_LITERAL_NULL_CONVERSION = YES;
				CLANG_WARN_OBJC_IMPLICIT_RETAIN_SELF = YES;
				CLANG_WARN_OBJC_LITERAL_CONVERSION = YES;
				CLANG_WARN_OBJC_ROOT_CLASS = YES_ERROR;
				CLANG_WARN_QUOTED_INCLUDE_IN_FRAMEWORK_HEADER = YES;
				CLANG_WARN_RANGE_LOOP_ANALYSIS = YES;
				CLANG_WARN_STRICT_PROTOTYPES = YES;
				CLANG_WARN_SUSPICIOUS_MOVE = YES;
				CLANG_WARN_UNGUARDED_AVAILABILITY = YES_AGGRESSIVE;
				CLANG_WARN_UNREACHABLE_CODE = YES;
				CLANG_WARN__DUPLICATE_METHOD_MATCH = YES;
				COPY_PHASE_STRIP = NO;
				DEBUG_INFORMATION_FORMAT = dwarf;
				ENABLE_STRICT_OBJC_MSGSEND = YES;
				ENABLE_TESTABILITY = YES;
				GCC_C_LANGUAGE_STANDARD = gnu11;
				GCC_DYNAMIC_NO_PIC = NO;
				GCC_NO_COMMON_BLOCKS = YES;
				GCC_OPTIMIZATION_LEVEL = 0;
				GCC_PREPROCESSOR_DEFINITIONS = (
					"DEBUG=1",
					"$(inherited)",
				);
				GCC_WARN_64_TO_32_BIT_CONVERSION = YES;
				GCC_WARN_ABOUT_RETURN_TYPE = YES_ERROR;
				GCC_WARN_UNDECLARED_SELECTOR = YES;
				GCC_WARN_UNINITIALIZED_AUTOS = YES_AGGRESSIVE;
				GCC_WARN_UNUSED_FUNCTION = YES;
				GCC_WARN_UNUSED_VARIABLE = YES;
				IPHONEOS_DEPLOYMENT_TARGET = 15.5;
				MTL_ENABLE_DEBUG_INFO = INCLUDE_SOURCE;
				MTL_FAST_MATH = YES;
				ONLY_ACTIVE_ARCH = YES;
				SDKROOT = iphoneos;
				SWIFT_ACTIVE_COMPILATION_CONDITIONS = DEBUG;
				SWIFT_OPTIMIZATION_LEVEL = "-Onone";
			};
			name = Debug;
		};
		8602667928C46D8500F85D73 /* Release */ = {
			isa = XCBuildConfiguration;
			buildSettings = {
				ALWAYS_SEARCH_USER_PATHS = NO;
				CLANG_ANALYZER_NONNULL = YES;
				CLANG_ANALYZER_NUMBER_OBJECT_CONVERSION = YES_AGGRESSIVE;
				CLANG_CXX_LANGUAGE_STANDARD = "gnu++17";
				CLANG_ENABLE_MODULES = YES;
				CLANG_ENABLE_OBJC_ARC = YES;
				CLANG_ENABLE_OBJC_WEAK = YES;
				CLANG_WARN_BLOCK_CAPTURE_AUTORELEASING = YES;
				CLANG_WARN_BOOL_CONVERSION = YES;
				CLANG_WARN_COMMA = YES;
				CLANG_WARN_CONSTANT_CONVERSION = YES;
				CLANG_WARN_DEPRECATED_OBJC_IMPLEMENTATIONS = YES;
				CLANG_WARN_DIRECT_OBJC_ISA_USAGE = YES_ERROR;
				CLANG_WARN_DOCUMENTATION_COMMENTS = YES;
				CLANG_WARN_EMPTY_BODY = YES;
				CLANG_WARN_ENUM_CONVERSION = YES;
				CLANG_WARN_INFINITE_RECURSION = YES;
				CLANG_WARN_INT_CONVERSION = YES;
				CLANG_WARN_NON_LITERAL_NULL_CONVERSION = YES;
				CLANG_WARN_OBJC_IMPLICIT_RETAIN_SELF = YES;
				CLANG_WARN_OBJC_LITERAL_CONVERSION = YES;
				CLANG_WARN_OBJC_ROOT_CLASS = YES_ERROR;
				CLANG_WARN_QUOTED_INCLUDE_IN_FRAMEWORK_HEADER = YES;
				CLANG_WARN_RANGE_LOOP_ANALYSIS = YES;
				CLANG_WARN_STRICT_PROTOTYPES = YES;
				CLANG_WARN_SUSPICIOUS_MOVE = YES;
				CLANG_WARN_UNGUARDED_AVAILABILITY = YES_AGGRESSIVE;
				CLANG_WARN_UNREACHABLE_CODE = YES;
				CLANG_WARN__DUPLICATE_METHOD_MATCH = YES;
				COPY_PHASE_STRIP = NO;
				DEBUG_INFORMATION_FORMAT = "dwarf-with-dsym";
				ENABLE_NS_ASSERTIONS = NO;
				ENABLE_STRICT_OBJC_MSGSEND = YES;
				GCC_C_LANGUAGE_STANDARD = gnu11;
				GCC_NO_COMMON_BLOCKS = YES;
				GCC_WARN_64_TO_32_BIT_CONVERSION = YES;
				GCC_WARN_ABOUT_RETURN_TYPE = YES_ERROR;
				GCC_WARN_UNDECLARED_SELECTOR = YES;
				GCC_WARN_UNINITIALIZED_AUTOS = YES_AGGRESSIVE;
				GCC_WARN_UNUSED_FUNCTION = YES;
				GCC_WARN_UNUSED_VARIABLE = YES;
				IPHONEOS_DEPLOYMENT_TARGET = 15.5;
				MTL_ENABLE_DEBUG_INFO = NO;
				MTL_FAST_MATH = YES;
				SDKROOT = iphoneos;
				SWIFT_COMPILATION_MODE = wholemodule;
				SWIFT_OPTIMIZATION_LEVEL = "-O";
				VALIDATE_PRODUCT = YES;
			};
			name = Release;
		};
		8602667B28C46D8500F85D73 /* Debug */ = {
			isa = XCBuildConfiguration;
			buildSettings = {
				ASSETCATALOG_COMPILER_APPICON_NAME = AppIcon;
				ASSETCATALOG_COMPILER_GLOBAL_ACCENT_COLOR_NAME = AccentColor;
				CODE_SIGN_STYLE = Automatic;
				CURRENT_PROJECT_VERSION = 1;
				GENERATE_INFOPLIST_FILE = YES;
				INFOPLIST_FILE = practiceUIKit/Info.plist;
				INFOPLIST_KEY_UIApplicationSupportsIndirectInputEvents = YES;
				INFOPLIST_KEY_UILaunchStoryboardName = LaunchScreen;
				INFOPLIST_KEY_UIMainStoryboardFile = Main;
				INFOPLIST_KEY_UISupportedInterfaceOrientations_iPad = "UIInterfaceOrientationPortrait UIInterfaceOrientationPortraitUpsideDown UIInterfaceOrientationLandscapeLeft UIInterfaceOrientationLandscapeRight";
				INFOPLIST_KEY_UISupportedInterfaceOrientations_iPhone = "UIInterfaceOrientationPortrait UIInterfaceOrientationLandscapeLeft UIInterfaceOrientationLandscapeRight";
				LD_RUNPATH_SEARCH_PATHS = (
					"$(inherited)",
					"@executable_path/Frameworks",
				);
				MARKETING_VERSION = 1.0;
				PRODUCT_BUNDLE_IDENTIFIER = com.JaeDev.practiceUIKit;
				PRODUCT_NAME = "$(TARGET_NAME)";
				SWIFT_EMIT_LOC_STRINGS = YES;
				SWIFT_VERSION = 5.0;
				TARGETED_DEVICE_FAMILY = "1,2";
			};
			name = Debug;
		};
		8602667C28C46D8500F85D73 /* Release */ = {
			isa = XCBuildConfiguration;
			buildSettings = {
				ASSETCATALOG_COMPILER_APPICON_NAME = AppIcon;
				ASSETCATALOG_COMPILER_GLOBAL_ACCENT_COLOR_NAME = AccentColor;
				CODE_SIGN_STYLE = Automatic;
				CURRENT_PROJECT_VERSION = 1;
				GENERATE_INFOPLIST_FILE = YES;
				INFOPLIST_FILE = practiceUIKit/Info.plist;
				INFOPLIST_KEY_UIApplicationSupportsIndirectInputEvents = YES;
				INFOPLIST_KEY_UILaunchStoryboardName = LaunchScreen;
				INFOPLIST_KEY_UIMainStoryboardFile = Main;
				INFOPLIST_KEY_UISupportedInterfaceOrientations_iPad = "UIInterfaceOrientationPortrait UIInterfaceOrientationPortraitUpsideDown UIInterfaceOrientationLandscapeLeft UIInterfaceOrientationLandscapeRight";
				INFOPLIST_KEY_UISupportedInterfaceOrientations_iPhone = "UIInterfaceOrientationPortrait UIInterfaceOrientationLandscapeLeft UIInterfaceOrientationLandscapeRight";
				LD_RUNPATH_SEARCH_PATHS = (
					"$(inherited)",
					"@executable_path/Frameworks",
				);
				MARKETING_VERSION = 1.0;
				PRODUCT_BUNDLE_IDENTIFIER = com.JaeDev.practiceUIKit;
				PRODUCT_NAME = "$(TARGET_NAME)";
				SWIFT_EMIT_LOC_STRINGS = YES;
				SWIFT_VERSION = 5.0;
				TARGETED_DEVICE_FAMILY = "1,2";
			};
			name = Release;
		};
/* End XCBuildConfiguration section */

/* Begin XCConfigurationList section */
		8602666128C46D8300F85D73 /* Build configuration list for PBXProject "practiceUIKit" */ = {
			isa = XCConfigurationList;
			buildConfigurations = (
				8602667828C46D8500F85D73 /* Debug */,
				8602667928C46D8500F85D73 /* Release */,
			);
			defaultConfigurationIsVisible = 0;
			defaultConfigurationName = Release;
		};
		8602667A28C46D8500F85D73 /* Build configuration list for PBXNativeTarget "practiceUIKit" */ = {
			isa = XCConfigurationList;
			buildConfigurations = (
				8602667B28C46D8500F85D73 /* Debug */,
				8602667C28C46D8500F85D73 /* Release */,
			);
			defaultConfigurationIsVisible = 0;
			defaultConfigurationName = Release;
		};
/* End XCConfigurationList section */
	};
	rootObject = 8602665E28C46D8300F85D73 /* Project object */;
}
